// !$*UTF8*$!
{
	archiveVersion = 1;
	classes = {
	};
	objectVersion = 51;
	objects = {

/* Begin PBXBuildFile section */
		7687411C2541DF4D009AD6DF /* AppDelegate.swift in Sources */ = {isa = PBXBuildFile; fileRef = 7687411B2541DF4D009AD6DF /* AppDelegate.swift */; };
		7687411E2541DF4D009AD6DF /* SceneDelegate.swift in Sources */ = {isa = PBXBuildFile; fileRef = 7687411D2541DF4D009AD6DF /* SceneDelegate.swift */; };
		768741232541DF4D009AD6DF /* Main.storyboard in Resources */ = {isa = PBXBuildFile; fileRef = 768741212541DF4D009AD6DF /* Main.storyboard */; };
		768741262541DF4D009AD6DF /* Notee.xcdatamodeld in Sources */ = {isa = PBXBuildFile; fileRef = 768741242541DF4D009AD6DF /* Notee.xcdatamodeld */; };
		768741282541DF4D009AD6DF /* Assets.xcassets in Resources */ = {isa = PBXBuildFile; fileRef = 768741272541DF4D009AD6DF /* Assets.xcassets */; };
		7687412B2541DF4D009AD6DF /* LaunchScreen.storyboard in Resources */ = {isa = PBXBuildFile; fileRef = 768741292541DF4D009AD6DF /* LaunchScreen.storyboard */; };
		768741352541DF6A009AD6DF /* CategoryTableViewController.swift in Sources */ = {isa = PBXBuildFile; fileRef = 768741342541DF6A009AD6DF /* CategoryTableViewController.swift */; };
		768FBBDA2543210800A881D2 /* SwipeCellViewController.swift in Sources */ = {isa = PBXBuildFile; fileRef = 768FBBD92543210800A881D2 /* SwipeCellViewController.swift */; };
		76E1284D2542E5D4000989DE /* NoteTableViewController.swift in Sources */ = {isa = PBXBuildFile; fileRef = 76E1284C2542E5D4000989DE /* NoteTableViewController.swift */; };
		BB9AE1E2E8B69F94DE81FF85 /* Pods_Notee.framework in Frameworks */ = {isa = PBXBuildFile; fileRef = EA1D06D7B724ABA9769B47C3 /* Pods_Notee.framework */; };
/* End PBXBuildFile section */

/* Begin PBXFileReference section */
		768741182541DF4D009AD6DF /* Notee.app */ = {isa = PBXFileReference; explicitFileType = wrapper.application; includeInIndex = 0; path = Notee.app; sourceTree = BUILT_PRODUCTS_DIR; };
		7687411B2541DF4D009AD6DF /* AppDelegate.swift */ = {isa = PBXFileReference; lastKnownFileType = sourcecode.swift; path = AppDelegate.swift; sourceTree = "<group>"; };
		7687411D2541DF4D009AD6DF /* SceneDelegate.swift */ = {isa = PBXFileReference; lastKnownFileType = sourcecode.swift; path = SceneDelegate.swift; sourceTree = "<group>"; };
		768741222541DF4D009AD6DF /* Base */ = {isa = PBXFileReference; lastKnownFileType = file.storyboard; name = Base; path = Base.lproj/Main.storyboard; sourceTree = "<group>"; };
		768741252541DF4D009AD6DF /* Notee.xcdatamodel */ = {isa = PBXFileReference; lastKnownFileType = wrapper.xcdatamodel; path = Notee.xcdatamodel; sourceTree = "<group>"; };
		768741272541DF4D009AD6DF /* Assets.xcassets */ = {isa = PBXFileReference; lastKnownFileType = folder.assetcatalog; path = Assets.xcassets; sourceTree = "<group>"; };
		7687412A2541DF4D009AD6DF /* Base */ = {isa = PBXFileReference; lastKnownFileType = file.storyboard; name = Base; path = Base.lproj/LaunchScreen.storyboard; sourceTree = "<group>"; };
		7687412C2541DF4D009AD6DF /* Info.plist */ = {isa = PBXFileReference; lastKnownFileType = text.plist.xml; path = Info.plist; sourceTree = "<group>"; };
		768741342541DF6A009AD6DF /* CategoryTableViewController.swift */ = {isa = PBXFileReference; lastKnownFileType = sourcecode.swift; path = CategoryTableViewController.swift; sourceTree = "<group>"; };
		768FBBD92543210800A881D2 /* SwipeCellViewController.swift */ = {isa = PBXFileReference; lastKnownFileType = sourcecode.swift; path = SwipeCellViewController.swift; sourceTree = "<group>"; };
		76E1284C2542E5D4000989DE /* NoteTableViewController.swift */ = {isa = PBXFileReference; lastKnownFileType = sourcecode.swift; path = NoteTableViewController.swift; sourceTree = "<group>"; };
		772FB108D570C358F1C4661D /* Pods-Notee.release.xcconfig */ = {isa = PBXFileReference; includeInIndex = 1; lastKnownFileType = text.xcconfig; name = "Pods-Notee.release.xcconfig"; path = "Target Support Files/Pods-Notee/Pods-Notee.release.xcconfig"; sourceTree = "<group>"; };
		DFF7A5D2874D5725514C6666 /* Pods-Notee.debug.xcconfig */ = {isa = PBXFileReference; includeInIndex = 1; lastKnownFileType = text.xcconfig; name = "Pods-Notee.debug.xcconfig"; path = "Target Support Files/Pods-Notee/Pods-Notee.debug.xcconfig"; sourceTree = "<group>"; };
		EA1D06D7B724ABA9769B47C3 /* Pods_Notee.framework */ = {isa = PBXFileReference; explicitFileType = wrapper.framework; includeInIndex = 0; path = Pods_Notee.framework; sourceTree = BUILT_PRODUCTS_DIR; };
/* End PBXFileReference section */

/* Begin PBXFrameworksBuildPhase section */
		768741152541DF4D009AD6DF /* Frameworks */ = {
			isa = PBXFrameworksBuildPhase;
			buildActionMask = 2147483647;
			files = (
				BB9AE1E2E8B69F94DE81FF85 /* Pods_Notee.framework in Frameworks */,
			);
			runOnlyForDeploymentPostprocessing = 0;
		};
/* End PBXFrameworksBuildPhase section */

/* Begin PBXGroup section */
		661EC3CEEF812B923C6E4EB7 /* Frameworks */ = {
			isa = PBXGroup;
			children = (
				EA1D06D7B724ABA9769B47C3 /* Pods_Notee.framework */,
			);
			name = Frameworks;
			sourceTree = "<group>";
		};
		7687410F2541DF4D009AD6DF = {
			isa = PBXGroup;
			children = (
				7687411A2541DF4D009AD6DF /* Notee */,
				768741192541DF4D009AD6DF /* Products */,
				79C866A77F716F7AE6648FDA /* Pods */,
				661EC3CEEF812B923C6E4EB7 /* Frameworks */,
			);
			sourceTree = "<group>";
		};
		768741192541DF4D009AD6DF /* Products */ = {
			isa = PBXGroup;
			children = (
				768741182541DF4D009AD6DF /* Notee.app */,
			);
			name = Products;
			sourceTree = "<group>";
		};
		7687411A2541DF4D009AD6DF /* Notee */ = {
			isa = PBXGroup;
			children = (
				768741342541DF6A009AD6DF /* CategoryTableViewController.swift */,
				76E1284C2542E5D4000989DE /* NoteTableViewController.swift */,
				768FBBD92543210800A881D2 /* SwipeCellViewController.swift */,
				7687411B2541DF4D009AD6DF /* AppDelegate.swift */,
				7687411D2541DF4D009AD6DF /* SceneDelegate.swift */,
				768741212541DF4D009AD6DF /* Main.storyboard */,
				768741272541DF4D009AD6DF /* Assets.xcassets */,
				768741292541DF4D009AD6DF /* LaunchScreen.storyboard */,
				7687412C2541DF4D009AD6DF /* Info.plist */,
				768741242541DF4D009AD6DF /* Notee.xcdatamodeld */,
			);
			path = Notee;
			sourceTree = "<group>";
		};
		79C866A77F716F7AE6648FDA /* Pods */ = {
			isa = PBXGroup;
			children = (
				DFF7A5D2874D5725514C6666 /* Pods-Notee.debug.xcconfig */,
				772FB108D570C358F1C4661D /* Pods-Notee.release.xcconfig */,
			);
			path = Pods;
			sourceTree = "<group>";
		};
/* End PBXGroup section */

/* Begin PBXNativeTarget section */
		768741172541DF4D009AD6DF /* Notee */ = {
			isa = PBXNativeTarget;
			buildConfigurationList = 7687412F2541DF4D009AD6DF /* Build configuration list for PBXNativeTarget "Notee" */;
			buildPhases = (
				EDC1965B33DD5830E007800F /* [CP] Check Pods Manifest.lock */,
				768741142541DF4D009AD6DF /* Sources */,
				768741152541DF4D009AD6DF /* Frameworks */,
				768741162541DF4D009AD6DF /* Resources */,
				E53A1CA3540364BCCC6F10DA /* [CP] Embed Pods Frameworks */,
			);
			buildRules = (
			);
			dependencies = (
			);
			name = Notee;
			productName = Notee;
			productReference = 768741182541DF4D009AD6DF /* Notee.app */;
			productType = "com.apple.product-type.application";
		};
/* End PBXNativeTarget section */

/* Begin PBXProject section */
		768741102541DF4D009AD6DF /* Project object */ = {
			isa = PBXProject;
			attributes = {
				LastSwiftUpdateCheck = 1210;
				LastUpgradeCheck = 1210;
				TargetAttributes = {
					768741172541DF4D009AD6DF = {
						CreatedOnToolsVersion = 12.1;
					};
				};
			};
			buildConfigurationList = 768741132541DF4D009AD6DF /* Build configuration list for PBXProject "Notee" */;
			compatibilityVersion = "Xcode 9.3";
			developmentRegion = en;
			hasScannedForEncodings = 0;
			knownRegions = (
				en,
				Base,
			);
			mainGroup = 7687410F2541DF4D009AD6DF;
			productRefGroup = 768741192541DF4D009AD6DF /* Products */;
			projectDirPath = "";
			projectRoot = "";
			targets = (
				768741172541DF4D009AD6DF /* Notee */,
			);
		};
/* End PBXProject section */

/* Begin PBXResourcesBuildPhase section */
		768741162541DF4D009AD6DF /* Resources */ = {
			isa = PBXResourcesBuildPhase;
			buildActionMask = 2147483647;
			files = (
				7687412B2541DF4D009AD6DF /* LaunchScreen.storyboard in Resources */,
				768741282541DF4D009AD6DF /* Assets.xcassets in Resources */,
				768741232541DF4D009AD6DF /* Main.storyboard in Resources */,
			);
			runOnlyForDeploymentPostprocessing = 0;
		};
/* End PBXResourcesBuildPhase section */

/* Begin PBXShellScriptBuildPhase section */
		E53A1CA3540364BCCC6F10DA /* [CP] Embed Pods Frameworks */ = {
			isa = PBXShellScriptBuildPhase;
			buildActionMask = 2147483647;
			files = (
			);
			inputFileListPaths = (
				"${PODS_ROOT}/Target Support Files/Pods-Notee/Pods-Notee-frameworks-${CONFIGURATION}-input-files.xcfilelist",
			);
			name = "[CP] Embed Pods Frameworks";
			outputFileListPaths = (
				"${PODS_ROOT}/Target Support Files/Pods-Notee/Pods-Notee-frameworks-${CONFIGURATION}-output-files.xcfilelist",
			);
			runOnlyForDeploymentPostprocessing = 0;
			shellPath = /bin/sh;
			shellScript = "\"${PODS_ROOT}/Target Support Files/Pods-Notee/Pods-Notee-frameworks.sh\"\n";
			showEnvVarsInLog = 0;
		};
		EDC1965B33DD5830E007800F /* [CP] Check Pods Manifest.lock */ = {
			isa = PBXShellScriptBuildPhase;
			buildActionMask = 2147483647;
			files = (
			);
			inputFileListPaths = (
			);
			inputPaths = (
				"${PODS_PODFILE_DIR_PATH}/Podfile.lock",
				"${PODS_ROOT}/Manifest.lock",
			);
			name = "[CP] Check Pods Manifest.lock";
			outputFileListPaths = (
			);
			outputPaths = (
				"$(DERIVED_FILE_DIR)/Pods-Notee-checkManifestLockResult.txt",
			);
			runOnlyForDeploymentPostprocessing = 0;
			shellPath = /bin/sh;
			shellScript = "diff \"${PODS_PODFILE_DIR_PATH}/Podfile.lock\" \"${PODS_ROOT}/Manifest.lock\" > /dev/null\nif [ $? != 0 ] ; then\n    # print error to STDERR\n    echo \"error: The sandbox is not in sync with the Podfile.lock. Run 'pod install' or update your CocoaPods installation.\" >&2\n    exit 1\nfi\n# This output is used by Xcode 'outputs' to avoid re-running this script phase.\necho \"SUCCESS\" > \"${SCRIPT_OUTPUT_FILE_0}\"\n";
			showEnvVarsInLog = 0;
		};
/* End PBXShellScriptBuildPhase section */

/* Begin PBXSourcesBuildPhase section */
		768741142541DF4D009AD6DF /* Sources */ = {
			isa = PBXSourcesBuildPhase;
			buildActionMask = 2147483647;
			files = (
				76E1284D2542E5D4000989DE /* NoteTableViewController.swift in Sources */,
				768741262541DF4D009AD6DF /* Notee.xcdatamodeld in Sources */,
				7687411C2541DF4D009AD6DF /* AppDelegate.swift in Sources */,
				768FBBDA2543210800A881D2 /* SwipeCellViewController.swift in Sources */,
				7687411E2541DF4D009AD6DF /* SceneDelegate.swift in Sources */,
				768741352541DF6A009AD6DF /* CategoryTableViewController.swift in Sources */,
			);
			runOnlyForDeploymentPostprocessing = 0;
		};
/* End PBXSourcesBuildPhase section */

/* Begin PBXVariantGroup section */
		768741212541DF4D009AD6DF /* Main.storyboard */ = {
			isa = PBXVariantGroup;
			children = (
				768741222541DF4D009AD6DF /* Base */,
			);
			name = Main.storyboard;
			sourceTree = "<group>";
		};
		768741292541DF4D009AD6DF /* LaunchScreen.storyboard */ = {
			isa = PBXVariantGroup;
			children = (
				7687412A2541DF4D009AD6DF /* Base */,
			);
			name = LaunchScreen.storyboard;
			sourceTree = "<group>";
		};
/* End PBXVariantGroup section */

/* Begin XCBuildConfiguration section */
		7687412D2541DF4D009AD6DF /* Debug */ = {
			isa = XCBuildConfiguration;
			buildSettings = {
				ALWAYS_SEARCH_USER_PATHS = NO;
				CLANG_ANALYZER_NONNULL = YES;
				CLANG_ANALYZER_NUMBER_OBJECT_CONVERSION = YES_AGGRESSIVE;
				CLANG_CXX_LANGUAGE_STANDARD = "gnu++14";
				CLANG_CXX_LIBRARY = "libc++";
				CLANG_ENABLE_MODULES = YES;
				CLANG_ENABLE_OBJC_ARC = YES;
				CLANG_ENABLE_OBJC_WEAK = YES;
				CLANG_WARN_BLOCK_CAPTURE_AUTORELEASING = YES;
				CLANG_WARN_BOOL_CONVERSION = YES;
				CLANG_WARN_COMMA = YES;
				CLANG_WARN_CONSTANT_CONVERSION = YES;
				CLANG_WARN_DEPRECATED_OBJC_IMPLEMENTATIONS = YES;
				CLANG_WARN_DIRECT_OBJC_ISA_USAGE = YES_ERROR;
				CLANG_WARN_DOCUMENTATION_COMMENTS = YES;
				CLANG_WARN_EMPTY_BODY = YES;
				CLANG_WARN_ENUM_CONVERSION = YES;
				CLANG_WARN_INFINITE_RECURSION = YES;
				CLANG_WARN_INT_CONVERSION = YES;
				CLANG_WARN_NON_LITERAL_NULL_CONVERSION = YES;
				CLANG_WARN_OBJC_IMPLICIT_RETAIN_SELF = YES;
				CLANG_WARN_OBJC_LITERAL_CONVERSION = YES;
				CLANG_WARN_OBJC_ROOT_CLASS = YES_ERROR;
				CLANG_WARN_QUOTED_INCLUDE_IN_FRAMEWORK_HEADER = YES;
				CLANG_WARN_RANGE_LOOP_ANALYSIS = YES;
				CLANG_WARN_STRICT_PROTOTYPES = YES;
				CLANG_WARN_SUSPICIOUS_MOVE = YES;
				CLANG_WARN_UNGUARDED_AVAILABILITY = YES_AGGRESSIVE;
				CLANG_WARN_UNREACHABLE_CODE = YES;
				CLANG_WARN__DUPLICATE_METHOD_MATCH = YES;
				COPY_PHASE_STRIP = NO;
				DEBUG_INFORMATION_FORMAT = dwarf;
				ENABLE_STRICT_OBJC_MSGSEND = YES;
				ENABLE_TESTABILITY = YES;
				GCC_C_LANGUAGE_STANDARD = gnu11;
				GCC_DYNAMIC_NO_PIC = NO;
				GCC_NO_COMMON_BLOCKS = YES;
				GCC_OPTIMIZATION_LEVEL = 0;
				GCC_PREPROCESSOR_DEFINITIONS = (
					"DEBUG=1",
					"$(inherited)",
				);
				GCC_WARN_64_TO_32_BIT_CONVERSION = YES;
				GCC_WARN_ABOUT_RETURN_TYPE = YES_ERROR;
				GCC_WARN_UNDECLARED_SELECTOR = YES;
				GCC_WARN_UNINITIALIZED_AUTOS = YES_AGGRESSIVE;
				GCC_WARN_UNUSED_FUNCTION = YES;
				GCC_WARN_UNUSED_VARIABLE = YES;
				IPHONEOS_DEPLOYMENT_TARGET = 14.1;
				MTL_ENABLE_DEBUG_INFO = INCLUDE_SOURCE;
				MTL_FAST_MATH = YES;
				ONLY_ACTIVE_ARCH = YES;
				SDKROOT = iphoneos;
				SWIFT_ACTIVE_COMPILATION_CONDITIONS = DEBUG;
				SWIFT_OPTIMIZATION_LEVEL = "-Onone";
			};
			name = Debug;
		};
		7687412E2541DF4D009AD6DF /* Release */ = {
			isa = XCBuildConfiguration;
			buildSettings = {
				ALWAYS_SEARCH_USER_PATHS = NO;
				CLANG_ANALYZER_NONNULL = YES;
				CLANG_ANALYZER_NUMBER_OBJECT_CONVERSION = YES_AGGRESSIVE;
				CLANG_CXX_LANGUAGE_STANDARD = "gnu++14";
				CLANG_CXX_LIBRARY = "libc++";
				CLANG_ENABLE_MODULES = YES;
				CLANG_ENABLE_OBJC_ARC = YES;
				CLANG_ENABLE_OBJC_WEAK = YES;
				CLANG_WARN_BLOCK_CAPTURE_AUTORELEASING = YES;
				CLANG_WARN_BOOL_CONVERSION = YES;
				CLANG_WARN_COMMA = YES;
				CLANG_WARN_CONSTANT_CONVERSION = YES;
				CLANG_WARN_DEPRECATED_OBJC_IMPLEMENTATIONS = YES;
				CLANG_WARN_DIRECT_OBJC_ISA_USAGE = YES_ERROR;
				CLANG_WARN_DOCUMENTATION_COMMENTS = YES;
				CLANG_WARN_EMPTY_BODY = YES;
				CLANG_WARN_ENUM_CONVERSION = YES;
				CLANG_WARN_INFINITE_RECURSION = YES;
				CLANG_WARN_INT_CONVERSION = YES;
				CLANG_WARN_NON_LITERAL_NULL_CONVERSION = YES;
				CLANG_WARN_OBJC_IMPLICIT_RETAIN_SELF = YES;
				CLANG_WARN_OBJC_LITERAL_CONVERSION = YES;
				CLANG_WARN_OBJC_ROOT_CLASS = YES_ERROR;
				CLANG_WARN_QUOTED_INCLUDE_IN_FRAMEWORK_HEADER = YES;
				CLANG_WARN_RANGE_LOOP_ANALYSIS = YES;
				CLANG_WARN_STRICT_PROTOTYPES = YES;
				CLANG_WARN_SUSPICIOUS_MOVE = YES;
				CLANG_WARN_UNGUARDED_AVAILABILITY = YES_AGGRESSIVE;
				CLANG_WARN_UNREACHABLE_CODE = YES;
				CLANG_WARN__DUPLICATE_METHOD_MATCH = YES;
				COPY_PHASE_STRIP = NO;
				DEBUG_INFORMATION_FORMAT = "dwarf-with-dsym";
				ENABLE_NS_ASSERTIONS = NO;
				ENABLE_STRICT_OBJC_MSGSEND = YES;
				GCC_C_LANGUAGE_STANDARD = gnu11;
				GCC_NO_COMMON_BLOCKS = YES;
				GCC_WARN_64_TO_32_BIT_CONVERSION = YES;
				GCC_WARN_ABOUT_RETURN_TYPE = YES_ERROR;
				GCC_WARN_UNDECLARED_SELECTOR = YES;
				GCC_WARN_UNINITIALIZED_AUTOS = YES_AGGRESSIVE;
				GCC_WARN_UNUSED_FUNCTION = YES;
				GCC_WARN_UNUSED_VARIABLE = YES;
				IPHONEOS_DEPLOYMENT_TARGET = 14.1;
				MTL_ENABLE_DEBUG_INFO = NO;
				MTL_FAST_MATH = YES;
				SDKROOT = iphoneos;
				SWIFT_COMPILATION_MODE = wholemodule;
				SWIFT_OPTIMIZATION_LEVEL = "-O";
				VALIDATE_PRODUCT = YES;
			};
			name = Release;
		};
		768741302541DF4D009AD6DF /* Debug */ = {
			isa = XCBuildConfiguration;
			baseConfigurationReference = DFF7A5D2874D5725514C6666 /* Pods-Notee.debug.xcconfig */;
			buildSettings = {
				ASSETCATALOG_COMPILER_APPICON_NAME = AppIcon;
				ASSETCATALOG_COMPILER_GLOBAL_ACCENT_COLOR_NAME = AccentColor;
				CODE_SIGN_STYLE = Automatic;
				DEVELOPMENT_TEAM = 88XF5QGDBG;
				INFOPLIST_FILE = Notee/Info.plist;
				IPHONEOS_DEPLOYMENT_TARGET = 14.0;
				LD_RUNPATH_SEARCH_PATHS = (
					"$(inherited)",
					"@executable_path/Frameworks",
				);
				PRODUCT_BUNDLE_IDENTIFIER = com.FrancisAdewale.Notee;
				PRODUCT_NAME = "$(TARGET_NAME)";
				SWIFT_VERSION = 5.0;
				TARGETED_DEVICE_FAMILY = "1,2";
			};
			name = Debug;
		};
		768741312541DF4D009AD6DF /* Release */ = {
			isa = XCBuildConfiguration;
			baseConfigurationReference = 772FB108D570C358F1C4661D /* Pods-Notee.release.xcconfig */;
			buildSettings = {
				ASSETCATALOG_COMPILER_APPICON_NAME = AppIcon;
				ASSETCATALOG_COMPILER_GLOBAL_ACCENT_COLOR_NAME = AccentColor;
				CODE_SIGN_STYLE = Automatic;
				DEVELOPMENT_TEAM = 88XF5QGDBG;
				INFOPLIST_FILE = Notee/Info.plist;
				IPHONEOS_DEPLOYMENT_TARGET = 14.0;
				LD_RUNPATH_SEARCH_PATHS = (
					"$(inherited)",
					"@executable_path/Frameworks",
				);
				PRODUCT_BUNDLE_IDENTIFIER = com.FrancisAdewale.Notee;
				PRODUCT_NAME = "$(TARGET_NAME)";
				SWIFT_VERSION = 5.0;
				TARGETED_DEVICE_FAMILY = "1,2";
			};
			name = Release;
		};
/* End XCBuildConfiguration section */

/* Begin XCConfigurationList section */
		768741132541DF4D009AD6DF /* Build configuration list for PBXProject "Notee" */ = {
			isa = XCConfigurationList;
			buildConfigurations = (
				7687412D2541DF4D009AD6DF /* Debug */,
				7687412E2541DF4D009AD6DF /* Release */,
			);
			defaultConfigurationIsVisible = 0;
			defaultConfigurationName = Release;
		};
		7687412F2541DF4D009AD6DF /* Build configuration list for PBXNativeTarget "Notee" */ = {
			isa = XCConfigurationList;
			buildConfigurations = (
				768741302541DF4D009AD6DF /* Debug */,
				768741312541DF4D009AD6DF /* Release */,
			);
			defaultConfigurationIsVisible = 0;
			defaultConfigurationName = Release;
		};
/* End XCConfigurationList section */

/* Begin XCVersionGroup section */
		768741242541DF4D009AD6DF /* Notee.xcdatamodeld */ = {
			isa = XCVersionGroup;
			children = (
				768741252541DF4D009AD6DF /* Notee.xcdatamodel */,
			);
			currentVersion = 768741252541DF4D009AD6DF /* Notee.xcdatamodel */;
			path = Notee.xcdatamodeld;
			sourceTree = "<group>";
			versionGroupType = wrapper.xcdatamodel;
		};
/* End XCVersionGroup section */
	};
	rootObject = 768741102541DF4D009AD6DF /* Project object */;
}
